github.com/SebastiaanKlippert/go-wkhtmltopdf v1.5.0 h1:KNMkSqhko6c7eVncl/laVCS95jRryULVhVwwL0VynnU=
github.com/SebastiaanKlippert/go-wkhtmltopdf v1.5.0/go.mod h1:zRBvVJtIfhaWvQ9lPIkXrtona4qqSmjZ1HfKvq4dQzI=
github.com/gorilla/mux v1.7.3 h1:gnP5JzjVOuiZD07fKKToCAOjS0yOpj/qPETTXCCS6hw=
github.com/gorilla/mux v1.7.3/go.mod h1:1lud6UwP+6orDFRuTfBEV8e9/aOM/c4fVVCaMa2zaAs=
